
Microsoft Visual Studio Solution File, Format Version 12.00
# Visual Studio 2012
Project("{FAE04EC0-301F-11D3-BF4B-00C04F79EFBC}") = "AppValores", "AppValores\AppValores.csproj", "{EB36C466-7F2C-428C-9D94-26030767D811}"
EndProject
Global
	GlobalSection(SolutionConfigurationPlatforms) = preSolution
		Debug|Any CPU = Debug|Any CPU
		Release|Any CPU = Release|Any CPU
	EndGlobalSection
	GlobalSection(ProjectConfigurationPlatforms) = postSolution
		{EB36C466-7F2C-428C-9D94-26030767D811}.Debug|Any CPU.ActiveCfg = Debug|Any CPU
		{EB36C466-7F2C-428C-9D94-26030767D811}.Debug|Any CPU.Build.0 = Debug|Any CPU
		{EB36C466-7F2C-428C-9D94-26030767D811}.Release|Any CPU.ActiveCfg = Release|Any CPU
		{EB36C466-7F2C-428C-9D94-26030767D811}.Release|Any CPU.Build.0 = Release|Any CPU
	EndGlobalSection
	GlobalSection(SolutionProperties) = preSolution
		HideSolutionNode = FALSE
	EndGlobalSection
EndGlobal
